<?xml version="1.0" encoding="utf-8"?>
<Project ToolsVersion="4.0" xmlns="http://schemas.microsoft.com/developer/msbuild/2003">
  <ItemGroup>
    <Filter Include="Исходные файлы">
      <UniqueIdentifier>{4FC737F1-C7A5-4376-A066-2A32D752A2FF}</UniqueIdentifier>
      <Extensions>cpp;c;cc;cxx;c++;cppm;ixx;def;odl;idl;hpj;bat;asm;asmx</Extensions>
    </Filter>
    <Filter Include="Файлы заголовков">
      <UniqueIdentifier>{93995380-89BD-4b04-88EB-625FBE52EBFB}</UniqueIdentifier>
      <Extensions>h;hh;hpp;hxx;h++;hm;inl;inc;ipp;xsd</Extensions>
    </Filter>
    <Filter Include="Файлы ресурсов">
      <UniqueIdentifier>{67DA6AB6-F800-4c08-8B7A-83BB121AAD01}</UniqueIdentifier>
      <Extensions>rc;ico;cur;bmp;dlg;rc2;rct;bin;rgs;gif;jpg;jpeg;jpe;resx;tiff;tif;png;wav;mfcribbon-ms</Extensions>
    </Filter>
    <Filter Include="Исходные файлы\Classes">
      <UniqueIdentifier>{db1a6283-ba01-4d05-9d21-f16eacc9f380}</UniqueIdentifier>
    </Filter>
    <Filter Include="Файлы заголовков\Classes">
      <UniqueIdentifier>{fd181cbc-706a-405f-8542-ff1ea4d77197}</UniqueIdentifier>
    </Filter>
  </ItemGroup>
  <ItemGroup>
    <ClCompile Include="main.cpp">
      <Filter>Исходные файлы</Filter>
    </ClCompile>
    <ClCompile Include="EnterInBank.cpp">
      <Filter>Исходные файлы</Filter>
    </ClCompile>
    <ClCompile Include="menuBank.cpp">
      <Filter>Исходные файлы</Filter>
    </ClCompile>
    <ClCompile Include="BankAccount.cpp">
      <Filter>Исходные файлы\Classes</Filter>
    </ClCompile>
    <ClCompile Include="UserAccount.cpp">
      <Filter>Исходные файлы\Classes</Filter>
    </ClCompile>
    <ClCompile Include="CurrentBankAccount.cpp">
      <Filter>Исходные файлы\Classes</Filter>
    </ClCompile>
    <ClCompile Include="DepositBankAccount.cpp">
      <Filter>Исходные файлы\Classes</Filter>
    </ClCompile>
    <ClCompile Include="SavingsBankAccount.cpp">
      <Filter>Исходные файлы\Classes</Filter>
    </ClCompile>
  </ItemGroup>
  <ItemGroup>
    <ClInclude Include="EnterInBank.h">
      <Filter>Файлы заголовков</Filter>
    </ClInclude>
    <ClInclude Include="menuBank.h">
      <Filter>Файлы заголовков</Filter>
    </ClInclude>
    <ClInclude Include="BankAccount.h">
      <Filter>Файлы заголовков\Classes</Filter>
    </ClInclude>
    <ClInclude Include="CurrentBankAccount.h">
      <Filter>Файлы заголовков\Classes</Filter>
    </ClInclude>
    <ClInclude Include="DepositBankAccount.h">
      <Filter>Файлы заголовков\Classes</Filter>
    </ClInclude>
    <ClInclude Include="SavingsBankAccount.h">
      <Filter>Файлы заголовков\Classes</Filter>
    </ClInclude>
    <ClInclude Include="UserAccount.h">
      <Filter>Файлы заголовков\Classes</Filter>
    </ClInclude>
  </ItemGroup>
  <ItemGroup>
    <Text Include="users.txt">
      <Filter>Файлы ресурсов</Filter>
    </Text>
    <Text Include="cards.txt">
      <Filter>Файлы ресурсов</Filter>
    </Text>
    <Text Include="HistoryAccounts.txt">
      <Filter>Файлы ресурсов</Filter>
    </Text>
  </ItemGroup>
</Project>